{
  "requires": true,
  "lockfileVersion": 1,
  "dependencies": {
    "datatables.net": {
      "version": "1.10.19",
      "resolved": "https://registry.npmjs.org/datatables.net/-/datatables.net-1.10.19.tgz",
      "integrity": "sha512-+ljXcI6Pj3PTGy5pesp3E5Dr3x3AV45EZe0o1r0gKENN2gafBKXodVnk2ypKwl2tTmivjxbkiqoWnipTefyBTA==",
      "requires": {
        "jquery": ">=1.7"
      }
    },
    "datatables.net-buttons": {
      "version": "1.5.6",
      "resolved": "https://registry.npmjs.org/datatables.net-buttons/-/datatables.net-buttons-1.5.6.tgz",
      "integrity": "sha512-FlJtjQ8dsr6xeHWETUCtUJEa7ZqKlphFb22+LXZs80LmJqpVbW84BkppwSoKK+F4k8eRr1tYr38dxcCvIIy0rw==",
      "requires": {
        "datatables.net": "^1.10.15",
        "jquery": ">=1.7"
      }
    },
    "datatables.net-buttons-jqui": {
      "version": "1.5.6",
      "resolved": "https://registry.npmjs.org/datatables.net-buttons-jqui/-/datatables.net-buttons-jqui-1.5.6.tgz",
      "integrity": "sha512-d3xlbLLpgO5yonf6aVhFQfIBgegBnodS21cVTAZNhGWmDxTqzvjHoQQTMFd2S8m6fsjzZcUQh+7/xW9Du7IbNg==",
      "requires": {
        "datatables.net-buttons": "1.5.6",
        "datatables.net-jqui": "^1.10.15",
        "jquery": ">=1.7"
      }
    },
    "datatables.net-fixedcolumns": {
      "version": "3.2.6",
      "resolved": "https://registry.npmjs.org/datatables.net-fixedcolumns/-/datatables.net-fixedcolumns-3.2.6.tgz",
      "integrity": "sha512-PtEs2tllcHRVZj7fwmAQBWGJ5URRQZpDG2pJsh5jusvnRje3w1+KueMZm60iCtfOkIlUn+/j2+MghxLx/8yfKQ==",
      "requires": {
        "datatables.net": "^1.10.15",
        "jquery": ">=1.7"
      }
    },
    "datatables.net-fixedcolumns-jqui": {
      "version": "3.2.6",
      "resolved": "https://registry.npmjs.org/datatables.net-fixedcolumns-jqui/-/datatables.net-fixedcolumns-jqui-3.2.6.tgz",
      "integrity": "sha512-QUxeNh5VZcYs1YyvepUUT+t20Z6Luba1hPbRcPAp+UsiI/ESGx38L8F+n+MMQ8rhv7/EjCu+oWjjAcOvtff+KQ==",
      "requires": {
        "datatables.net-fixedcolumns": "3.2.6",
        "datatables.net-jqui": "^1.10.15",
        "jquery": ">=1.7"
      }
    },
    "datatables.net-fixedheader": {
      "version": "3.1.5",
      "resolved": "https://registry.npmjs.org/datatables.net-fixedheader/-/datatables.net-fixedheader-3.1.5.tgz",
      "integrity": "sha512-k5Hdj9uDe9iodr/F5Upq7D3rkO6Cw6XpnPRlfk38B0Imb+Fqe7aB3Jn88A4D79Rbla3sqO3ifQOwWoO9qlHetA==",
      "requires": {
        "datatables.net": "^1.10.15",
        "jquery": ">=1.7"
      }
    },
    "datatables.net-fixedheader-jqui": {
      "version": "3.1.5",
      "resolved": "https://registry.npmjs.org/datatables.net-fixedheader-jqui/-/datatables.net-fixedheader-jqui-3.1.5.tgz",
      "integrity": "sha512-/3KNPPrGGNd5gcB2Fy1autbdOZRGFE7vFhcorQLKx3bdJ/x0QMKb1fFubWhWmsr2eDziwLMETChOZXTNhd83dg==",
      "requires": {
        "datatables.net-fixedheader": "3.1.5",
        "datatables.net-jqui": "^1.10.15",
        "jquery": ">=1.7"
      }
    },
    "datatables.net-jqui": {
      "version": "1.10.19",
      "resolved": "https://registry.npmjs.org/datatables.net-jqui/-/datatables.net-jqui-1.10.19.tgz",
      "integrity": "sha512-mqmHHT64XWk8e1svSmLPpdXgwlr2lz8bFdQ20wOj0itGiTo+4WC3bf35YLOoA8cKTtQ1IbWxObxcPhyrKrfcgw==",
      "requires": {
        "datatables.net": "1.10.19",
        "jquery": ">=1.7"
      }
    },
    "datatables.net-responsive": {
      "version": "2.2.3",
      "resolved": "https://registry.npmjs.org/datatables.net-responsive/-/datatables.net-responsive-2.2.3.tgz",
      "integrity": "sha512-8D6VtZcyuH3FG0Hn5A4LPZQEOX3+HrRFM7HjpmsQc/nQDBbdeBLkJX4Sh/o1nzFTSneuT1Wh/lYZHVPpjcN+Sw==",
      "requires": {
        "datatables.net": "^1.10.15",
        "jquery": ">=1.7"
      }
    },
    "datatables.net-responsive-jqui": {
      "version": "2.2.3",
      "resolved": "https://registry.npmjs.org/datatables.net-responsive-jqui/-/datatables.net-responsive-jqui-2.2.3.tgz",
      "integrity": "sha512-TOIkBXNYaGCKQoU03g2lNX83VexaNDLJWaB9erw0htlKBl1WRg4cVTofhb2Hn8pLEDeE0RUN8IiBmMYjgbsFBA==",
      "requires": {
        "datatables.net-jqui": "^1.10.15",
        "datatables.net-responsive": "2.2.3",
        "jquery": ">=1.7"
      }
    },
    "jquery": {
      "version": "3.4.1",
      "resolved": "https://registry.npmjs.org/jquery/-/jquery-3.4.1.tgz",
      "integrity": "sha512-36+AdBzCL+y6qjw5Tx7HgzeGCzC81MDDgaUP8ld2zhx58HdqXGoBd+tHdrBMiyjGQs0Hxs/MLZTu/eHNJJuWPw=="
    }
  }
}
